
Microsoft Visual Studio Solution File, Format Version 12.00
# Visual Studio Version 16
VisualStudioVersion = 16.0.34301.259
MinimumVisualStudioVersion = 10.0.40219.1
Project("{FAE04EC0-301F-11D3-BF4B-00C04F79EFBC}") = "Teszt", "Teszt\Teszt.csproj", "{0A24D204-56B9-4C23-8BA0-4B71B7399328}"
EndProject
Project("{FAE04EC0-301F-11D3-BF4B-00C04F79EFBC}") = "TobbElem", "TobbElem\TobbElem.csproj", "{715C6068-BD0E-4F13-82C3-6EC9BD457308}"
EndProject
Project("{FAE04EC0-301F-11D3-BF4B-00C04F79EFBC}") = "Macskak", "Macskak\Macskak.csproj", "{CF8FD1DA-B085-4042-BE2B-6767CCBE07AA}"
EndProject
Global
	GlobalSection(SolutionConfigurationPlatforms) = preSolution
		Debug|Any CPU = Debug|Any CPU
		Release|Any CPU = Release|Any CPU
	EndGlobalSection
	GlobalSection(ProjectConfigurationPlatforms) = postSolution
		{0A24D204-56B9-4C23-8BA0-4B71B7399328}.Debug|Any CPU.ActiveCfg = Debug|Any CPU
		{0A24D204-56B9-4C23-8BA0-4B71B7399328}.Debug|Any CPU.Build.0 = Debug|Any CPU
		{0A24D204-56B9-4C23-8BA0-4B71B7399328}.Release|Any CPU.ActiveCfg = Release|Any CPU
		{0A24D204-56B9-4C23-8BA0-4B71B7399328}.Release|Any CPU.Build.0 = Release|Any CPU
		{715C6068-BD0E-4F13-82C3-6EC9BD457308}.Debug|Any CPU.ActiveCfg = Debug|Any CPU
		{715C6068-BD0E-4F13-82C3-6EC9BD457308}.Debug|Any CPU.Build.0 = Debug|Any CPU
		{715C6068-BD0E-4F13-82C3-6EC9BD457308}.Release|Any CPU.ActiveCfg = Release|Any CPU
		{715C6068-BD0E-4F13-82C3-6EC9BD457308}.Release|Any CPU.Build.0 = Release|Any CPU
		{CF8FD1DA-B085-4042-BE2B-6767CCBE07AA}.Debug|Any CPU.ActiveCfg = Debug|Any CPU
		{CF8FD1DA-B085-4042-BE2B-6767CCBE07AA}.Debug|Any CPU.Build.0 = Debug|Any CPU
		{CF8FD1DA-B085-4042-BE2B-6767CCBE07AA}.Release|Any CPU.ActiveCfg = Release|Any CPU
		{CF8FD1DA-B085-4042-BE2B-6767CCBE07AA}.Release|Any CPU.Build.0 = Release|Any CPU
	EndGlobalSection
	GlobalSection(SolutionProperties) = preSolution
		HideSolutionNode = FALSE
	EndGlobalSection
	GlobalSection(ExtensibilityGlobals) = postSolution
		SolutionGuid = {EAA6CA84-A142-42F6-9670-FEC74EADF79B}
	EndGlobalSection
EndGlobal
