
Microsoft Visual Studio Solution File, Format Version 12.00
# Visual Studio Version 17
VisualStudioVersion = 17.11.35303.130
MinimumVisualStudioVersion = 10.0.40219.1
Project("{FAE04EC0-301F-11D3-BF4B-00C04F79EFBC}") = "Teszt", "Teszt\Teszt.csproj", "{0A24D204-56B9-4C23-8BA0-4B71B7399328}"
EndProject
Project("{FAE04EC0-301F-11D3-BF4B-00C04F79EFBC}") = "TobbElem", "TobbElem\TobbElem.csproj", "{715C6068-BD0E-4F13-82C3-6EC9BD457308}"
EndProject
Project("{FAE04EC0-301F-11D3-BF4B-00C04F79EFBC}") = "Macskak", "Macskak\Macskak.csproj", "{CF8FD1DA-B085-4042-BE2B-6767CCBE07AA}"
EndProject
Project("{FAE04EC0-301F-11D3-BF4B-00C04F79EFBC}") = "Logikai", "Logikai\Logikai.csproj", "{7EAB8596-3FC3-4047-A4B4-DF1BE63E8AD5}"
EndProject
Project("{FAE04EC0-301F-11D3-BF4B-00C04F79EFBC}") = "Prefix", "Prefix\Prefix.csproj", "{06EBC153-7CF6-4339-9BE9-A5BB9D5AE6CB}"
EndProject
Project("{FAE04EC0-301F-11D3-BF4B-00C04F79EFBC}") = "Haág", "Haág\Haág.csproj", "{E61BE89C-DD2F-4BA2-BA9B-38B382B421B4}"
EndProject
Project("{FAE04EC0-301F-11D3-BF4B-00C04F79EFBC}") = "KorHasab", "KorHasab\KorHasab.csproj", "{31584CEA-2B30-456A-96D3-2564DF07EBBD}"
EndProject
Project("{FAE04EC0-301F-11D3-BF4B-00C04F79EFBC}") = "Kivetel", "Kivetel\Kivetel.csproj", "{3176944F-0DC9-44E5-997E-23071F0D533B}"
EndProject
Project("{FAE04EC0-301F-11D3-BF4B-00C04F79EFBC}") = "Classes", "Classes\Classes.csproj", "{87289A21-434C-42B0-88FF-E4F193FB18D9}"
EndProject
Project("{FAE04EC0-301F-11D3-BF4B-00C04F79EFBC}") = "PoliformOOP", "PoliformOOP\PoliformOOP.csproj", "{941815A0-E70B-4CE0-8BD4-96BDE4CEE18A}"
EndProject
Project("{FAE04EC0-301F-11D3-BF4B-00C04F79EFBC}") = "GetterSetter", "GetterSetter\GetterSetter.csproj", "{72F8F240-5D44-4D65-BEB0-368056B18BCF}"
EndProject
Project("{FAE04EC0-301F-11D3-BF4B-00C04F79EFBC}") = "Properties", "Properties\Properties.csproj", "{C794FFD2-C5D2-41E7-813B-4180887ABD06}"
EndProject
Project("{FAE04EC0-301F-11D3-BF4B-00C04F79EFBC}") = "Interface", "Interface\Interface.csproj", "{1C8CFE20-38EC-4564-80DF-28C061AF3DC3}"
EndProject
Global
	GlobalSection(SolutionConfigurationPlatforms) = preSolution
		Debug|Any CPU = Debug|Any CPU
		Release|Any CPU = Release|Any CPU
	EndGlobalSection
	GlobalSection(ProjectConfigurationPlatforms) = postSolution
		{0A24D204-56B9-4C23-8BA0-4B71B7399328}.Debug|Any CPU.ActiveCfg = Debug|Any CPU
		{0A24D204-56B9-4C23-8BA0-4B71B7399328}.Debug|Any CPU.Build.0 = Debug|Any CPU
		{0A24D204-56B9-4C23-8BA0-4B71B7399328}.Release|Any CPU.ActiveCfg = Release|Any CPU
		{0A24D204-56B9-4C23-8BA0-4B71B7399328}.Release|Any CPU.Build.0 = Release|Any CPU
		{715C6068-BD0E-4F13-82C3-6EC9BD457308}.Debug|Any CPU.ActiveCfg = Debug|Any CPU
		{715C6068-BD0E-4F13-82C3-6EC9BD457308}.Debug|Any CPU.Build.0 = Debug|Any CPU
		{715C6068-BD0E-4F13-82C3-6EC9BD457308}.Release|Any CPU.ActiveCfg = Release|Any CPU
		{715C6068-BD0E-4F13-82C3-6EC9BD457308}.Release|Any CPU.Build.0 = Release|Any CPU
		{CF8FD1DA-B085-4042-BE2B-6767CCBE07AA}.Debug|Any CPU.ActiveCfg = Debug|Any CPU
		{CF8FD1DA-B085-4042-BE2B-6767CCBE07AA}.Debug|Any CPU.Build.0 = Debug|Any CPU
		{CF8FD1DA-B085-4042-BE2B-6767CCBE07AA}.Release|Any CPU.ActiveCfg = Release|Any CPU
		{CF8FD1DA-B085-4042-BE2B-6767CCBE07AA}.Release|Any CPU.Build.0 = Release|Any CPU
		{7EAB8596-3FC3-4047-A4B4-DF1BE63E8AD5}.Debug|Any CPU.ActiveCfg = Debug|Any CPU
		{7EAB8596-3FC3-4047-A4B4-DF1BE63E8AD5}.Debug|Any CPU.Build.0 = Debug|Any CPU
		{7EAB8596-3FC3-4047-A4B4-DF1BE63E8AD5}.Release|Any CPU.ActiveCfg = Release|Any CPU
		{7EAB8596-3FC3-4047-A4B4-DF1BE63E8AD5}.Release|Any CPU.Build.0 = Release|Any CPU
		{06EBC153-7CF6-4339-9BE9-A5BB9D5AE6CB}.Debug|Any CPU.ActiveCfg = Debug|Any CPU
		{06EBC153-7CF6-4339-9BE9-A5BB9D5AE6CB}.Debug|Any CPU.Build.0 = Debug|Any CPU
		{06EBC153-7CF6-4339-9BE9-A5BB9D5AE6CB}.Release|Any CPU.ActiveCfg = Release|Any CPU
		{06EBC153-7CF6-4339-9BE9-A5BB9D5AE6CB}.Release|Any CPU.Build.0 = Release|Any CPU
		{E61BE89C-DD2F-4BA2-BA9B-38B382B421B4}.Debug|Any CPU.ActiveCfg = Debug|Any CPU
		{E61BE89C-DD2F-4BA2-BA9B-38B382B421B4}.Debug|Any CPU.Build.0 = Debug|Any CPU
		{E61BE89C-DD2F-4BA2-BA9B-38B382B421B4}.Release|Any CPU.ActiveCfg = Release|Any CPU
		{E61BE89C-DD2F-4BA2-BA9B-38B382B421B4}.Release|Any CPU.Build.0 = Release|Any CPU
		{31584CEA-2B30-456A-96D3-2564DF07EBBD}.Debug|Any CPU.ActiveCfg = Debug|Any CPU
		{31584CEA-2B30-456A-96D3-2564DF07EBBD}.Debug|Any CPU.Build.0 = Debug|Any CPU
		{31584CEA-2B30-456A-96D3-2564DF07EBBD}.Release|Any CPU.ActiveCfg = Release|Any CPU
		{31584CEA-2B30-456A-96D3-2564DF07EBBD}.Release|Any CPU.Build.0 = Release|Any CPU
		{3176944F-0DC9-44E5-997E-23071F0D533B}.Debug|Any CPU.ActiveCfg = Debug|Any CPU
		{3176944F-0DC9-44E5-997E-23071F0D533B}.Debug|Any CPU.Build.0 = Debug|Any CPU
		{3176944F-0DC9-44E5-997E-23071F0D533B}.Release|Any CPU.ActiveCfg = Release|Any CPU
		{3176944F-0DC9-44E5-997E-23071F0D533B}.Release|Any CPU.Build.0 = Release|Any CPU
		{87289A21-434C-42B0-88FF-E4F193FB18D9}.Debug|Any CPU.ActiveCfg = Debug|Any CPU
		{87289A21-434C-42B0-88FF-E4F193FB18D9}.Debug|Any CPU.Build.0 = Debug|Any CPU
		{87289A21-434C-42B0-88FF-E4F193FB18D9}.Release|Any CPU.ActiveCfg = Release|Any CPU
		{87289A21-434C-42B0-88FF-E4F193FB18D9}.Release|Any CPU.Build.0 = Release|Any CPU
		{941815A0-E70B-4CE0-8BD4-96BDE4CEE18A}.Debug|Any CPU.ActiveCfg = Debug|Any CPU
		{941815A0-E70B-4CE0-8BD4-96BDE4CEE18A}.Debug|Any CPU.Build.0 = Debug|Any CPU
		{941815A0-E70B-4CE0-8BD4-96BDE4CEE18A}.Release|Any CPU.ActiveCfg = Release|Any CPU
		{941815A0-E70B-4CE0-8BD4-96BDE4CEE18A}.Release|Any CPU.Build.0 = Release|Any CPU
		{72F8F240-5D44-4D65-BEB0-368056B18BCF}.Debug|Any CPU.ActiveCfg = Debug|Any CPU
		{72F8F240-5D44-4D65-BEB0-368056B18BCF}.Debug|Any CPU.Build.0 = Debug|Any CPU
		{72F8F240-5D44-4D65-BEB0-368056B18BCF}.Release|Any CPU.ActiveCfg = Release|Any CPU
		{72F8F240-5D44-4D65-BEB0-368056B18BCF}.Release|Any CPU.Build.0 = Release|Any CPU
		{C794FFD2-C5D2-41E7-813B-4180887ABD06}.Debug|Any CPU.ActiveCfg = Debug|Any CPU
		{C794FFD2-C5D2-41E7-813B-4180887ABD06}.Debug|Any CPU.Build.0 = Debug|Any CPU
		{C794FFD2-C5D2-41E7-813B-4180887ABD06}.Release|Any CPU.ActiveCfg = Release|Any CPU
		{C794FFD2-C5D2-41E7-813B-4180887ABD06}.Release|Any CPU.Build.0 = Release|Any CPU
		{1C8CFE20-38EC-4564-80DF-28C061AF3DC3}.Debug|Any CPU.ActiveCfg = Debug|Any CPU
		{1C8CFE20-38EC-4564-80DF-28C061AF3DC3}.Debug|Any CPU.Build.0 = Debug|Any CPU
		{1C8CFE20-38EC-4564-80DF-28C061AF3DC3}.Release|Any CPU.ActiveCfg = Release|Any CPU
		{1C8CFE20-38EC-4564-80DF-28C061AF3DC3}.Release|Any CPU.Build.0 = Release|Any CPU
	EndGlobalSection
	GlobalSection(SolutionProperties) = preSolution
		HideSolutionNode = FALSE
	EndGlobalSection
	GlobalSection(ExtensibilityGlobals) = postSolution
		SolutionGuid = {EAA6CA84-A142-42F6-9670-FEC74EADF79B}
	EndGlobalSection
EndGlobal
